
Microsoft Visual Studio Solution File, Format Version 12.00
# Visual Studio 14
VisualStudioVersion = 14.0.25420.1
MinimumVisualStudioVersion = 10.0.40219.1
Project("{2150E333-8FDC-42A3-9474-1A3956D46DE8}") = "src", "src", "{7D5825FE-0FEA-485E-9232-873DA7084BCE}"
EndProject
Project("{2150E333-8FDC-42A3-9474-1A3956D46DE8}") = "Solution Items", "Solution Items", "{E27B59C3-DB66-4109-A9A0-E5AF65C4FB99}"
	ProjectSection(SolutionItems) = preProject
		global.json = global.json
	EndProjectSection
EndProject
Project("{8BB2217D-0F2D-49D1-97BC-3654ED321F3B}") = "HumidorClient", "src\HumidorClient\HumidorClient.xproj", "{82838BB0-A2A2-48C6-B7DA-D57446AAEAC8}"
EndProject
Project("{8BB2217D-0F2D-49D1-97BC-3654ED321F3B}") = "HumidorClientTests", "src\HumidorClientTests\HumidorClientTests.xproj", "{2EBD5AC6-BC57-43EE-B10F-7F0A605164AB}"
EndProject
Project("{8BB2217D-0F2D-49D1-97BC-3654ED321F3B}") = "HumidorAPI", "src\HumidorAPI\HumidorAPI.xproj", "{6283472F-AE1B-429F-9C67-F218D17AB3FA}"
EndProject
Project("{8BB2217D-0F2D-49D1-97BC-3654ED321F3B}") = "HumidorAPITests", "HumidorAPITests\HumidorAPITests.xproj", "{C00A0B69-AB81-413B-BD1F-400248EF8C9D}"
EndProject
Global
	GlobalSection(SolutionConfigurationPlatforms) = preSolution
		Debug|Any CPU = Debug|Any CPU
		Release|Any CPU = Release|Any CPU
	EndGlobalSection
	GlobalSection(ProjectConfigurationPlatforms) = postSolution
		{82838BB0-A2A2-48C6-B7DA-D57446AAEAC8}.Debug|Any CPU.ActiveCfg = Debug|Any CPU
		{82838BB0-A2A2-48C6-B7DA-D57446AAEAC8}.Debug|Any CPU.Build.0 = Debug|Any CPU
		{82838BB0-A2A2-48C6-B7DA-D57446AAEAC8}.Release|Any CPU.ActiveCfg = Release|Any CPU
		{82838BB0-A2A2-48C6-B7DA-D57446AAEAC8}.Release|Any CPU.Build.0 = Release|Any CPU
		{2EBD5AC6-BC57-43EE-B10F-7F0A605164AB}.Debug|Any CPU.ActiveCfg = Debug|Any CPU
		{2EBD5AC6-BC57-43EE-B10F-7F0A605164AB}.Debug|Any CPU.Build.0 = Debug|Any CPU
		{2EBD5AC6-BC57-43EE-B10F-7F0A605164AB}.Release|Any CPU.ActiveCfg = Release|Any CPU
		{2EBD5AC6-BC57-43EE-B10F-7F0A605164AB}.Release|Any CPU.Build.0 = Release|Any CPU
		{6283472F-AE1B-429F-9C67-F218D17AB3FA}.Debug|Any CPU.ActiveCfg = Debug|Any CPU
		{6283472F-AE1B-429F-9C67-F218D17AB3FA}.Debug|Any CPU.Build.0 = Debug|Any CPU
		{6283472F-AE1B-429F-9C67-F218D17AB3FA}.Release|Any CPU.ActiveCfg = Release|Any CPU
		{6283472F-AE1B-429F-9C67-F218D17AB3FA}.Release|Any CPU.Build.0 = Release|Any CPU
		{C00A0B69-AB81-413B-BD1F-400248EF8C9D}.Debug|Any CPU.ActiveCfg = Debug|Any CPU
		{C00A0B69-AB81-413B-BD1F-400248EF8C9D}.Debug|Any CPU.Build.0 = Debug|Any CPU
		{C00A0B69-AB81-413B-BD1F-400248EF8C9D}.Release|Any CPU.ActiveCfg = Release|Any CPU
		{C00A0B69-AB81-413B-BD1F-400248EF8C9D}.Release|Any CPU.Build.0 = Release|Any CPU
	EndGlobalSection
	GlobalSection(SolutionProperties) = preSolution
		HideSolutionNode = FALSE
	EndGlobalSection
	GlobalSection(NestedProjects) = preSolution
		{82838BB0-A2A2-48C6-B7DA-D57446AAEAC8} = {7D5825FE-0FEA-485E-9232-873DA7084BCE}
		{2EBD5AC6-BC57-43EE-B10F-7F0A605164AB} = {7D5825FE-0FEA-485E-9232-873DA7084BCE}
		{6283472F-AE1B-429F-9C67-F218D17AB3FA} = {7D5825FE-0FEA-485E-9232-873DA7084BCE}
		{C00A0B69-AB81-413B-BD1F-400248EF8C9D} = {7D5825FE-0FEA-485E-9232-873DA7084BCE}
	EndGlobalSection
EndGlobal
